<?xml version="1.0" encoding="utf-8"?>
<Project ToolsVersion="4.0" xmlns="http://schemas.microsoft.com/developer/msbuild/2003">
  <ItemGroup>
    <Filter Include="Source Files">
      <UniqueIdentifier>{4FC737F1-C7A5-4376-A066-2A32D752A2FF}</UniqueIdentifier>
      <Extensions>cpp;c;cc;cxx</Extensions>
    </Filter>
    <Filter Include="Header Files">
      <UniqueIdentifier>{93995380-89BD-4b04-88EB-625FBE52EBFB}</UniqueIdentifier>
      <Extensions>h;hh;hpp;hxx</Extensions>
    </Filter>
    <Filter Include="Resource Files">
      <UniqueIdentifier>{67DA6AB6-F800-4c08-8B7A-83BB121AAD01}</UniqueIdentifier>
      <Extensions>rc;ico;cur;bmp;dlg;rc2;rct;bin;rgs;gif;jpg;jpeg;jpe;resx;tiff;tif;png;wav</Extensions>
    </Filter>
    <Filter Include="Threading">
      <UniqueIdentifier>{A1B2C3D4-E5F6-7890-ABCD-EF1234567890}</UniqueIdentifier>
    </Filter>
    <Filter Include="Models">
      <UniqueIdentifier>{B2C3D4E5-F6A7-8901-BCDE-F12345678901}</UniqueIdentifier>
    </Filter>
    <Filter Include="Serialization">
      <UniqueIdentifier>{C3D4E5F6-A7B8-9012-CDEF-123456789012}</UniqueIdentifier>
    </Filter>
    <Filter Include="Handlers">
      <UniqueIdentifier>{D4E5F6A7-B8C9-0123-DEF1-234567890123}</UniqueIdentifier>
    </Filter>
    <Filter Include="Infrastructure">
      <UniqueIdentifier>{E5F6A7B8-C9D0-1234-EF12-345678901234}</UniqueIdentifier>
    </Filter>
    <Filter Include="Interactive">
      <UniqueIdentifier>{F6A7B8C9-D0E1-2345-F123-456789012345}</UniqueIdentifier>
    </Filter>
  </ItemGroup>
  <ItemGroup>
    <ClCompile Include="stdafx.cpp">
      <Filter>Source Files</Filter>
    </ClCompile>
    <ClCompile Include="RookNativePlugin.cpp">
      <Filter>Source Files</Filter>
    </ClCompile>
    <ClCompile Include="RookServer.cpp">
      <Filter>Source Files</Filter>
    </ClCompile>
    <ClCompile Include="Threading\MainThreadDispatcher.cpp">
      <Filter>Threading</Filter>
    </ClCompile>
    <ClCompile Include="Serialization\RhinoSerializer.cpp">
      <Filter>Serialization</Filter>
    </ClCompile>
    <ClCompile Include="Handlers\DocumentHandler.cpp">
      <Filter>Handlers</Filter>
    </ClCompile>
    <ClCompile Include="Handlers\LayersHandler.cpp">
      <Filter>Handlers</Filter>
    </ClCompile>
    <ClCompile Include="Handlers\ObjectsHandler.cpp">
      <Filter>Handlers</Filter>
    </ClCompile>
    <ClCompile Include="Handlers\GeometryHandler.cpp">
      <Filter>Handlers</Filter>
    </ClCompile>
    <ClCompile Include="Handlers\CommandHandler.cpp">
      <Filter>Handlers</Filter>
    </ClCompile>
    <ClCompile Include="Handlers\CreateHandler.cpp">
      <Filter>Handlers</Filter>
    </ClCompile>
    <ClCompile Include="Handlers\GeometryOpsHandler.cpp">
      <Filter>Handlers</Filter>
    </ClCompile>
    <ClCompile Include="Handlers\GumballContextHandler.cpp">
      <Filter>Handlers</Filter>
    </ClCompile>
    <ClCompile Include="Handlers\GrasshopperProxyHandler.cpp">
      <Filter>Handlers</Filter>
    </ClCompile>
    <ClCompile Include="Interactive\GumballContextBuilder.cpp">
      <Filter>Interactive</Filter>
    </ClCompile>
  </ItemGroup>
  <ItemGroup>
    <ClInclude Include="stdafx.h">
      <Filter>Header Files</Filter>
    </ClInclude>
    <ClInclude Include="RookNativePlugin.h">
      <Filter>Header Files</Filter>
    </ClInclude>
    <ClInclude Include="Resource.h">
      <Filter>Header Files</Filter>
    </ClInclude>
    <ClInclude Include="RookServer.h">
      <Filter>Header Files</Filter>
    </ClInclude>
    <ClInclude Include="Threading\MainThreadDispatcher.h">
      <Filter>Threading</Filter>
    </ClInclude>
    <ClInclude Include="Threading\RequestContext.h">
      <Filter>Threading</Filter>
    </ClInclude>
    <ClInclude Include="Models\Snapshots.h">
      <Filter>Models</Filter>
    </ClInclude>
    <ClInclude Include="Models\DocumentHelpers.h">
      <Filter>Models</Filter>
    </ClInclude>
    <ClInclude Include="Serialization\RhinoSerializer.h">
      <Filter>Serialization</Filter>
    </ClInclude>
    <ClInclude Include="Handlers\DocumentHandler.h">
      <Filter>Handlers</Filter>
    </ClInclude>
    <ClInclude Include="Handlers\LayersHandler.h">
      <Filter>Handlers</Filter>
    </ClInclude>
    <ClInclude Include="Handlers\ObjectsHandler.h">
      <Filter>Handlers</Filter>
    </ClInclude>
    <ClInclude Include="Handlers\GeometryHandler.h">
      <Filter>Handlers</Filter>
    </ClInclude>
    <ClInclude Include="Handlers\CommandHandler.h">
      <Filter>Handlers</Filter>
    </ClInclude>
    <ClInclude Include="Handlers\CreateHandler.h">
      <Filter>Handlers</Filter>
    </ClInclude>
    <ClInclude Include="Handlers\GeometryOpsHandler.h">
      <Filter>Handlers</Filter>
    </ClInclude>
    <ClInclude Include="Infrastructure\UndoScope.h">
      <Filter>Infrastructure</Filter>
    </ClInclude>
    <ClInclude Include="Infrastructure\JsonHelpers.h">
      <Filter>Infrastructure</Filter>
    </ClInclude>
    <ClInclude Include="Infrastructure\ObjectDiffTracker.h">
      <Filter>Infrastructure</Filter>
    </ClInclude>
    <ClInclude Include="Infrastructure\WriteResult.h">
      <Filter>Infrastructure</Filter>
    </ClInclude>
    <ClInclude Include="Handlers\GumballContextHandler.h">
      <Filter>Handlers</Filter>
    </ClInclude>
    <ClInclude Include="Handlers\GrasshopperProxyHandler.h">
      <Filter>Handlers</Filter>
    </ClInclude>
    <ClInclude Include="Interactive\GumballContext.h">
      <Filter>Interactive</Filter>
    </ClInclude>
  </ItemGroup>
  <ItemGroup>
    <ResourceCompile Include="RookNative.rc">
      <Filter>Resource Files</Filter>
    </ResourceCompile>
  </ItemGroup>
</Project>
